// !$*UTF8*$!
{
	archiveVersion = 1;
	classes = {
	};
	objectVersion = 50;
	objects = {

/* Begin PBXBuildFile section */
		58FB628E245E369100BA91C2 /* AppDelegate.swift in Sources */ = {isa = PBXBuildFile; fileRef = 58FB628D245E369100BA91C2 /* AppDelegate.swift */; };
		58FB6290245E369100BA91C2 /* SceneDelegate.swift in Sources */ = {isa = PBXBuildFile; fileRef = 58FB628F245E369100BA91C2 /* SceneDelegate.swift */; };
		58FB6295245E369100BA91C2 /* Main.storyboard in Resources */ = {isa = PBXBuildFile; fileRef = 58FB6293245E369100BA91C2 /* Main.storyboard */; };
		58FB6297245E369400BA91C2 /* Assets.xcassets in Resources */ = {isa = PBXBuildFile; fileRef = 58FB6296245E369400BA91C2 /* Assets.xcassets */; };
		58FB629A245E369400BA91C2 /* LaunchScreen.storyboard in Resources */ = {isa = PBXBuildFile; fileRef = 58FB6298245E369400BA91C2 /* LaunchScreen.storyboard */; };
		58FB62A5245E369400BA91C2 /* wire_ios_analysisTests.swift in Sources */ = {isa = PBXBuildFile; fileRef = 58FB62A4245E369400BA91C2 /* wire_ios_analysisTests.swift */; };
		58FB62B6246A15B100BA91C2 /* RatingAndReviewsClient.swift in Sources */ = {isa = PBXBuildFile; fileRef = 58FB62B5246A15B100BA91C2 /* RatingAndReviewsClient.swift */; };
		58FB62B8246A2A4800BA91C2 /* RatingAndReviewModel.swift in Sources */ = {isa = PBXBuildFile; fileRef = 58FB62B7246A2A4700BA91C2 /* RatingAndReviewModel.swift */; };
		58FB62BA246A319000BA91C2 /* AboutWireViewController.swift in Sources */ = {isa = PBXBuildFile; fileRef = 58FB62B9246A319000BA91C2 /* AboutWireViewController.swift */; };
		9D05190B2467300500B02B17 /* Utilities.swift in Sources */ = {isa = PBXBuildFile; fileRef = 9D05190A2467300500B02B17 /* Utilities.swift */; };
		9D05190D24673FB100B02B17 /* TabViewController.swift in Sources */ = {isa = PBXBuildFile; fileRef = 9D05190C24673FB100B02B17 /* TabViewController.swift */; };
		9D05190F24673FE600B02B17 /* Constants.swift in Sources */ = {isa = PBXBuildFile; fileRef = 9D05190E24673FE600B02B17 /* Constants.swift */; };
		9D3922C9246722850031A9FF /* StartViewController.swift in Sources */ = {isa = PBXBuildFile; fileRef = 9D3922C82467227E0031A9FF /* StartViewController.swift */; };
/* End PBXBuildFile section */

/* Begin PBXContainerItemProxy section */
		58FB62A1245E369400BA91C2 /* PBXContainerItemProxy */ = {
			isa = PBXContainerItemProxy;
			containerPortal = 58FB6282245E369100BA91C2 /* Project object */;
			proxyType = 1;
			remoteGlobalIDString = 58FB6289245E369100BA91C2;
			remoteInfo = "wire-ios-analysis";
		};
/* End PBXContainerItemProxy section */

/* Begin PBXFileReference section */
		58FB628A245E369100BA91C2 /* wire-ios-analysis.app */ = {isa = PBXFileReference; explicitFileType = wrapper.application; includeInIndex = 0; path = "wire-ios-analysis.app"; sourceTree = BUILT_PRODUCTS_DIR; };
		58FB628D245E369100BA91C2 /* AppDelegate.swift */ = {isa = PBXFileReference; lastKnownFileType = sourcecode.swift; path = AppDelegate.swift; sourceTree = "<group>"; };
		58FB628F245E369100BA91C2 /* SceneDelegate.swift */ = {isa = PBXFileReference; lastKnownFileType = sourcecode.swift; path = SceneDelegate.swift; sourceTree = "<group>"; };
		58FB6294245E369100BA91C2 /* Base */ = {isa = PBXFileReference; lastKnownFileType = file.storyboard; name = Base; path = Base.lproj/Main.storyboard; sourceTree = "<group>"; };
		58FB6296245E369400BA91C2 /* Assets.xcassets */ = {isa = PBXFileReference; lastKnownFileType = folder.assetcatalog; path = Assets.xcassets; sourceTree = "<group>"; };
		58FB6299245E369400BA91C2 /* Base */ = {isa = PBXFileReference; lastKnownFileType = file.storyboard; name = Base; path = Base.lproj/LaunchScreen.storyboard; sourceTree = "<group>"; };
		58FB629B245E369400BA91C2 /* Info.plist */ = {isa = PBXFileReference; lastKnownFileType = text.plist.xml; path = Info.plist; sourceTree = "<group>"; };
		58FB62A0245E369400BA91C2 /* wire-ios-analysisTests.xctest */ = {isa = PBXFileReference; explicitFileType = wrapper.cfbundle; includeInIndex = 0; path = "wire-ios-analysisTests.xctest"; sourceTree = BUILT_PRODUCTS_DIR; };
		58FB62A4245E369400BA91C2 /* wire_ios_analysisTests.swift */ = {isa = PBXFileReference; lastKnownFileType = sourcecode.swift; path = wire_ios_analysisTests.swift; sourceTree = "<group>"; };
		58FB62A6245E369400BA91C2 /* Info.plist */ = {isa = PBXFileReference; lastKnownFileType = text.plist.xml; path = Info.plist; sourceTree = "<group>"; };
		58FB62B5246A15B100BA91C2 /* RatingAndReviewsClient.swift */ = {isa = PBXFileReference; lastKnownFileType = sourcecode.swift; path = RatingAndReviewsClient.swift; sourceTree = "<group>"; };
		58FB62B7246A2A4700BA91C2 /* RatingAndReviewModel.swift */ = {isa = PBXFileReference; lastKnownFileType = sourcecode.swift; path = RatingAndReviewModel.swift; sourceTree = "<group>"; };
		58FB62B9246A319000BA91C2 /* AboutWireViewController.swift */ = {isa = PBXFileReference; lastKnownFileType = sourcecode.swift; path = AboutWireViewController.swift; sourceTree = "<group>"; };
		9D05190A2467300500B02B17 /* Utilities.swift */ = {isa = PBXFileReference; lastKnownFileType = sourcecode.swift; path = Utilities.swift; sourceTree = "<group>"; };
		9D05190C24673FB100B02B17 /* TabViewController.swift */ = {isa = PBXFileReference; lastKnownFileType = sourcecode.swift; path = TabViewController.swift; sourceTree = "<group>"; };
		9D05190E24673FE600B02B17 /* Constants.swift */ = {isa = PBXFileReference; lastKnownFileType = sourcecode.swift; path = Constants.swift; sourceTree = "<group>"; };
		9D3922C82467227E0031A9FF /* StartViewController.swift */ = {isa = PBXFileReference; lastKnownFileType = sourcecode.swift; path = StartViewController.swift; sourceTree = "<group>"; };
/* End PBXFileReference section */

/* Begin PBXFrameworksBuildPhase section */
		58FB6287245E369100BA91C2 /* Frameworks */ = {
			isa = PBXFrameworksBuildPhase;
			buildActionMask = 2147483647;
			files = (
			);
			runOnlyForDeploymentPostprocessing = 0;
		};
		58FB629D245E369400BA91C2 /* Frameworks */ = {
			isa = PBXFrameworksBuildPhase;
			buildActionMask = 2147483647;
			files = (
			);
			runOnlyForDeploymentPostprocessing = 0;
		};
/* End PBXFrameworksBuildPhase section */

/* Begin PBXGroup section */
		58FB6281245E369100BA91C2 = {
			isa = PBXGroup;
			children = (
				58FB628C245E369100BA91C2 /* wire-ios-analysis */,
				58FB62A3245E369400BA91C2 /* wire-ios-analysisTests */,
				58FB628B245E369100BA91C2 /* Products */,
			);
			sourceTree = "<group>";
		};
		58FB628B245E369100BA91C2 /* Products */ = {
			isa = PBXGroup;
			children = (
				58FB628A245E369100BA91C2 /* wire-ios-analysis.app */,
				58FB62A0245E369400BA91C2 /* wire-ios-analysisTests.xctest */,
			);
			name = Products;
			sourceTree = "<group>";
		};
		58FB628C245E369100BA91C2 /* wire-ios-analysis */ = {
			isa = PBXGroup;
			children = (
				58FB62B4246A158000BA91C2 /* AboutWire */,
				9D0519102467406B00B02B17 /* Utilities */,
				58FB628D245E369100BA91C2 /* AppDelegate.swift */,
				58FB628F245E369100BA91C2 /* SceneDelegate.swift */,
				58FB6293245E369100BA91C2 /* Main.storyboard */,
				58FB6296245E369400BA91C2 /* Assets.xcassets */,
				58FB6298245E369400BA91C2 /* LaunchScreen.storyboard */,
				58FB629B245E369400BA91C2 /* Info.plist */,
				9D3922C82467227E0031A9FF /* StartViewController.swift */,
				9D05190C24673FB100B02B17 /* TabViewController.swift */,
			);
			path = "wire-ios-analysis";
			sourceTree = "<group>";
		};
		58FB62A3245E369400BA91C2 /* wire-ios-analysisTests */ = {
			isa = PBXGroup;
			children = (
				58FB62A4245E369400BA91C2 /* wire_ios_analysisTests.swift */,
				58FB62A6245E369400BA91C2 /* Info.plist */,
			);
			path = "wire-ios-analysisTests";
			sourceTree = "<group>";
		};
		58FB62B4246A158000BA91C2 /* AboutWire */ = {
			isa = PBXGroup;
			children = (
				58FB62B5246A15B100BA91C2 /* RatingAndReviewsClient.swift */,
				58FB62B7246A2A4700BA91C2 /* RatingAndReviewModel.swift */,
				58FB62B9246A319000BA91C2 /* AboutWireViewController.swift */,
			);
			path = AboutWire;
			sourceTree = "<group>";
		};
		9D0519102467406B00B02B17 /* Utilities */ = {
			isa = PBXGroup;
			children = (
				9D05190E24673FE600B02B17 /* Constants.swift */,
				9D05190A2467300500B02B17 /* Utilities.swift */,
			);
			path = Utilities;
			sourceTree = "<group>";
		};
/* End PBXGroup section */

/* Begin PBXNativeTarget section */
		58FB6289245E369100BA91C2 /* wire-ios-analysis */ = {
			isa = PBXNativeTarget;
			buildConfigurationList = 58FB62A9245E369400BA91C2 /* Build configuration list for PBXNativeTarget "wire-ios-analysis" */;
			buildPhases = (
				58FB6286245E369100BA91C2 /* Sources */,
				58FB6287245E369100BA91C2 /* Frameworks */,
				58FB6288245E369100BA91C2 /* Resources */,
			);
			buildRules = (
			);
			dependencies = (
			);
			name = "wire-ios-analysis";
			productName = "wire-ios-analysis";
			productReference = 58FB628A245E369100BA91C2 /* wire-ios-analysis.app */;
			productType = "com.apple.product-type.application";
		};
		58FB629F245E369400BA91C2 /* wire-ios-analysisTests */ = {
			isa = PBXNativeTarget;
			buildConfigurationList = 58FB62AC245E369400BA91C2 /* Build configuration list for PBXNativeTarget "wire-ios-analysisTests" */;
			buildPhases = (
				58FB629C245E369400BA91C2 /* Sources */,
				58FB629D245E369400BA91C2 /* Frameworks */,
				58FB629E245E369400BA91C2 /* Resources */,
			);
			buildRules = (
			);
			dependencies = (
				58FB62A2245E369400BA91C2 /* PBXTargetDependency */,
			);
			name = "wire-ios-analysisTests";
			productName = "wire-ios-analysisTests";
			productReference = 58FB62A0245E369400BA91C2 /* wire-ios-analysisTests.xctest */;
			productType = "com.apple.product-type.bundle.unit-test";
		};
/* End PBXNativeTarget section */

/* Begin PBXProject section */
		58FB6282245E369100BA91C2 /* Project object */ = {
			isa = PBXProject;
			attributes = {
				LastSwiftUpdateCheck = 1140;
				LastUpgradeCheck = 1140;
				ORGANIZATIONNAME = "Juan Felipe Méndez";
				TargetAttributes = {
					58FB6289245E369100BA91C2 = {
						CreatedOnToolsVersion = 11.4.1;
					};
					58FB629F245E369400BA91C2 = {
						CreatedOnToolsVersion = 11.4.1;
						TestTargetID = 58FB6289245E369100BA91C2;
					};
				};
			};
			buildConfigurationList = 58FB6285245E369100BA91C2 /* Build configuration list for PBXProject "wire-ios-analysis" */;
			compatibilityVersion = "Xcode 9.3";
			developmentRegion = en;
			hasScannedForEncodings = 0;
			knownRegions = (
				en,
				Base,
			);
			mainGroup = 58FB6281245E369100BA91C2;
			productRefGroup = 58FB628B245E369100BA91C2 /* Products */;
			projectDirPath = "";
			projectRoot = "";
			targets = (
				58FB6289245E369100BA91C2 /* wire-ios-analysis */,
				58FB629F245E369400BA91C2 /* wire-ios-analysisTests */,
			);
		};
/* End PBXProject section */

/* Begin PBXResourcesBuildPhase section */
		58FB6288245E369100BA91C2 /* Resources */ = {
			isa = PBXResourcesBuildPhase;
			buildActionMask = 2147483647;
			files = (
				58FB629A245E369400BA91C2 /* LaunchScreen.storyboard in Resources */,
				58FB6297245E369400BA91C2 /* Assets.xcassets in Resources */,
				58FB6295245E369100BA91C2 /* Main.storyboard in Resources */,
			);
			runOnlyForDeploymentPostprocessing = 0;
		};
		58FB629E245E369400BA91C2 /* Resources */ = {
			isa = PBXResourcesBuildPhase;
			buildActionMask = 2147483647;
			files = (
			);
			runOnlyForDeploymentPostprocessing = 0;
		};
/* End PBXResourcesBuildPhase section */

/* Begin PBXSourcesBuildPhase section */
		58FB6286245E369100BA91C2 /* Sources */ = {
			isa = PBXSourcesBuildPhase;
			buildActionMask = 2147483647;
			files = (
				58FB62B8246A2A4800BA91C2 /* RatingAndReviewModel.swift in Sources */,
				9D05190D24673FB100B02B17 /* TabViewController.swift in Sources */,
				9D3922C9246722850031A9FF /* StartViewController.swift in Sources */,
				58FB628E245E369100BA91C2 /* AppDelegate.swift in Sources */,
				58FB62BA246A319000BA91C2 /* AboutWireViewController.swift in Sources */,
				9D05190F24673FE600B02B17 /* Constants.swift in Sources */,
				58FB62B6246A15B100BA91C2 /* RatingAndReviewsClient.swift in Sources */,
				9D05190B2467300500B02B17 /* Utilities.swift in Sources */,
				58FB6290245E369100BA91C2 /* SceneDelegate.swift in Sources */,
			);
			runOnlyForDeploymentPostprocessing = 0;
		};
		58FB629C245E369400BA91C2 /* Sources */ = {
			isa = PBXSourcesBuildPhase;
			buildActionMask = 2147483647;
			files = (
				58FB62A5245E369400BA91C2 /* wire_ios_analysisTests.swift in Sources */,
			);
			runOnlyForDeploymentPostprocessing = 0;
		};
/* End PBXSourcesBuildPhase section */

/* Begin PBXTargetDependency section */
		58FB62A2245E369400BA91C2 /* PBXTargetDependency */ = {
			isa = PBXTargetDependency;
			target = 58FB6289245E369100BA91C2 /* wire-ios-analysis */;
			targetProxy = 58FB62A1245E369400BA91C2 /* PBXContainerItemProxy */;
		};
/* End PBXTargetDependency section */

/* Begin PBXVariantGroup section */
		58FB6293245E369100BA91C2 /* Main.storyboard */ = {
			isa = PBXVariantGroup;
			children = (
				58FB6294245E369100BA91C2 /* Base */,
			);
			name = Main.storyboard;
			sourceTree = "<group>";
		};
		58FB6298245E369400BA91C2 /* LaunchScreen.storyboard */ = {
			isa = PBXVariantGroup;
			children = (
				58FB6299245E369400BA91C2 /* Base */,
			);
			name = LaunchScreen.storyboard;
			sourceTree = "<group>";
		};
/* End PBXVariantGroup section */

/* Begin XCBuildConfiguration section */
		58FB62A7245E369400BA91C2 /* Debug */ = {
			isa = XCBuildConfiguration;
			buildSettings = {
				ALWAYS_SEARCH_USER_PATHS = NO;
				CLANG_ANALYZER_NONNULL = YES;
				CLANG_ANALYZER_NUMBER_OBJECT_CONVERSION = YES_AGGRESSIVE;
				CLANG_CXX_LANGUAGE_STANDARD = "gnu++14";
				CLANG_CXX_LIBRARY = "libc++";
				CLANG_ENABLE_MODULES = YES;
				CLANG_ENABLE_OBJC_ARC = YES;
				CLANG_ENABLE_OBJC_WEAK = YES;
				CLANG_WARN_BLOCK_CAPTURE_AUTORELEASING = YES;
				CLANG_WARN_BOOL_CONVERSION = YES;
				CLANG_WARN_COMMA = YES;
				CLANG_WARN_CONSTANT_CONVERSION = YES;
				CLANG_WARN_DEPRECATED_OBJC_IMPLEMENTATIONS = YES;
				CLANG_WARN_DIRECT_OBJC_ISA_USAGE = YES_ERROR;
				CLANG_WARN_DOCUMENTATION_COMMENTS = YES;
				CLANG_WARN_EMPTY_BODY = YES;
				CLANG_WARN_ENUM_CONVERSION = YES;
				CLANG_WARN_INFINITE_RECURSION = YES;
				CLANG_WARN_INT_CONVERSION = YES;
				CLANG_WARN_NON_LITERAL_NULL_CONVERSION = YES;
				CLANG_WARN_OBJC_IMPLICIT_RETAIN_SELF = YES;
				CLANG_WARN_OBJC_LITERAL_CONVERSION = YES;
				CLANG_WARN_OBJC_ROOT_CLASS = YES_ERROR;
				CLANG_WARN_RANGE_LOOP_ANALYSIS = YES;
				CLANG_WARN_STRICT_PROTOTYPES = YES;
				CLANG_WARN_SUSPICIOUS_MOVE = YES;
				CLANG_WARN_UNGUARDED_AVAILABILITY = YES_AGGRESSIVE;
				CLANG_WARN_UNREACHABLE_CODE = YES;
				CLANG_WARN__DUPLICATE_METHOD_MATCH = YES;
				COPY_PHASE_STRIP = NO;
				DEBUG_INFORMATION_FORMAT = dwarf;
				ENABLE_STRICT_OBJC_MSGSEND = YES;
				ENABLE_TESTABILITY = YES;
				GCC_C_LANGUAGE_STANDARD = gnu11;
				GCC_DYNAMIC_NO_PIC = NO;
				GCC_NO_COMMON_BLOCKS = YES;
				GCC_OPTIMIZATION_LEVEL = 0;
				GCC_PREPROCESSOR_DEFINITIONS = (
					"DEBUG=1",
					"$(inherited)",
				);
				GCC_WARN_64_TO_32_BIT_CONVERSION = YES;
				GCC_WARN_ABOUT_RETURN_TYPE = YES_ERROR;
				GCC_WARN_UNDECLARED_SELECTOR = YES;
				GCC_WARN_UNINITIALIZED_AUTOS = YES_AGGRESSIVE;
				GCC_WARN_UNUSED_FUNCTION = YES;
				GCC_WARN_UNUSED_VARIABLE = YES;
				IPHONEOS_DEPLOYMENT_TARGET = 13.4;
				MTL_ENABLE_DEBUG_INFO = INCLUDE_SOURCE;
				MTL_FAST_MATH = YES;
				ONLY_ACTIVE_ARCH = YES;
				SDKROOT = iphoneos;
				SWIFT_ACTIVE_COMPILATION_CONDITIONS = DEBUG;
				SWIFT_OPTIMIZATION_LEVEL = "-Onone";
			};
			name = Debug;
		};
		58FB62A8245E369400BA91C2 /* Release */ = {
			isa = XCBuildConfiguration;
			buildSettings = {
				ALWAYS_SEARCH_USER_PATHS = NO;
				CLANG_ANALYZER_NONNULL = YES;
				CLANG_ANALYZER_NUMBER_OBJECT_CONVERSION = YES_AGGRESSIVE;
				CLANG_CXX_LANGUAGE_STANDARD = "gnu++14";
				CLANG_CXX_LIBRARY = "libc++";
				CLANG_ENABLE_MODULES = YES;
				CLANG_ENABLE_OBJC_ARC = YES;
				CLANG_ENABLE_OBJC_WEAK = YES;
				CLANG_WARN_BLOCK_CAPTURE_AUTORELEASING = YES;
				CLANG_WARN_BOOL_CONVERSION = YES;
				CLANG_WARN_COMMA = YES;
				CLANG_WARN_CONSTANT_CONVERSION = YES;
				CLANG_WARN_DEPRECATED_OBJC_IMPLEMENTATIONS = YES;
				CLANG_WARN_DIRECT_OBJC_ISA_USAGE = YES_ERROR;
				CLANG_WARN_DOCUMENTATION_COMMENTS = YES;
				CLANG_WARN_EMPTY_BODY = YES;
				CLANG_WARN_ENUM_CONVERSION = YES;
				CLANG_WARN_INFINITE_RECURSION = YES;
				CLANG_WARN_INT_CONVERSION = YES;
				CLANG_WARN_NON_LITERAL_NULL_CONVERSION = YES;
				CLANG_WARN_OBJC_IMPLICIT_RETAIN_SELF = YES;
				CLANG_WARN_OBJC_LITERAL_CONVERSION = YES;
				CLANG_WARN_OBJC_ROOT_CLASS = YES_ERROR;
				CLANG_WARN_RANGE_LOOP_ANALYSIS = YES;
				CLANG_WARN_STRICT_PROTOTYPES = YES;
				CLANG_WARN_SUSPICIOUS_MOVE = YES;
				CLANG_WARN_UNGUARDED_AVAILABILITY = YES_AGGRESSIVE;
				CLANG_WARN_UNREACHABLE_CODE = YES;
				CLANG_WARN__DUPLICATE_METHOD_MATCH = YES;
				COPY_PHASE_STRIP = NO;
				DEBUG_INFORMATION_FORMAT = "dwarf-with-dsym";
				ENABLE_NS_ASSERTIONS = NO;
				ENABLE_STRICT_OBJC_MSGSEND = YES;
				GCC_C_LANGUAGE_STANDARD = gnu11;
				GCC_NO_COMMON_BLOCKS = YES;
				GCC_WARN_64_TO_32_BIT_CONVERSION = YES;
				GCC_WARN_ABOUT_RETURN_TYPE = YES_ERROR;
				GCC_WARN_UNDECLARED_SELECTOR = YES;
				GCC_WARN_UNINITIALIZED_AUTOS = YES_AGGRESSIVE;
				GCC_WARN_UNUSED_FUNCTION = YES;
				GCC_WARN_UNUSED_VARIABLE = YES;
				IPHONEOS_DEPLOYMENT_TARGET = 13.4;
				MTL_ENABLE_DEBUG_INFO = NO;
				MTL_FAST_MATH = YES;
				SDKROOT = iphoneos;
				SWIFT_COMPILATION_MODE = wholemodule;
				SWIFT_OPTIMIZATION_LEVEL = "-O";
				VALIDATE_PRODUCT = YES;
			};
			name = Release;
		};
		58FB62AA245E369400BA91C2 /* Debug */ = {
			isa = XCBuildConfiguration;
			buildSettings = {
				ASSETCATALOG_COMPILER_APPICON_NAME = AppIcon;
				CODE_SIGN_STYLE = Automatic;
				DEVELOPMENT_TEAM = V6P8CRBUFK;
				INFOPLIST_FILE = "wire-ios-analysis/Info.plist";
				LD_RUNPATH_SEARCH_PATHS = (
					"$(inherited)",
					"@executable_path/Frameworks",
				);
				PRODUCT_BUNDLE_IDENTIFIER = "com.example.wire-ios-analysis";
				PRODUCT_NAME = "$(TARGET_NAME)";
				SWIFT_VERSION = 5.0;
				TARGETED_DEVICE_FAMILY = "1,2";
			};
			name = Debug;
		};
		58FB62AB245E369400BA91C2 /* Release */ = {
			isa = XCBuildConfiguration;
			buildSettings = {
				ASSETCATALOG_COMPILER_APPICON_NAME = AppIcon;
				CODE_SIGN_STYLE = Automatic;
				DEVELOPMENT_TEAM = V6P8CRBUFK;
				INFOPLIST_FILE = "wire-ios-analysis/Info.plist";
				LD_RUNPATH_SEARCH_PATHS = (
					"$(inherited)",
					"@executable_path/Frameworks",
				);
				PRODUCT_BUNDLE_IDENTIFIER = "com.example.wire-ios-analysis";
				PRODUCT_NAME = "$(TARGET_NAME)";
				SWIFT_VERSION = 5.0;
				TARGETED_DEVICE_FAMILY = "1,2";
			};
			name = Release;
		};
		58FB62AD245E369400BA91C2 /* Debug */ = {
			isa = XCBuildConfiguration;
			buildSettings = {
				ALWAYS_EMBED_SWIFT_STANDARD_LIBRARIES = YES;
				BUNDLE_LOADER = "$(TEST_HOST)";
				CODE_SIGN_STYLE = Automatic;
				DEVELOPMENT_TEAM = V6P8CRBUFK;
				INFOPLIST_FILE = "wire-ios-analysisTests/Info.plist";
				IPHONEOS_DEPLOYMENT_TARGET = 13.4;
				LD_RUNPATH_SEARCH_PATHS = (
					"$(inherited)",
					"@executable_path/Frameworks",
					"@loader_path/Frameworks",
				);
				PRODUCT_BUNDLE_IDENTIFIER = "com.example.wire-ios-analysisTests";
				PRODUCT_NAME = "$(TARGET_NAME)";
				SWIFT_VERSION = 5.0;
				TARGETED_DEVICE_FAMILY = "1,2";
				TEST_HOST = "$(BUILT_PRODUCTS_DIR)/wire-ios-analysis.app/wire-ios-analysis";
			};
			name = Debug;
		};
		58FB62AE245E369400BA91C2 /* Release */ = {
			isa = XCBuildConfiguration;
			buildSettings = {
				ALWAYS_EMBED_SWIFT_STANDARD_LIBRARIES = YES;
				BUNDLE_LOADER = "$(TEST_HOST)";
				CODE_SIGN_STYLE = Automatic;
				DEVELOPMENT_TEAM = V6P8CRBUFK;
				INFOPLIST_FILE = "wire-ios-analysisTests/Info.plist";
				IPHONEOS_DEPLOYMENT_TARGET = 13.4;
				LD_RUNPATH_SEARCH_PATHS = (
					"$(inherited)",
					"@executable_path/Frameworks",
					"@loader_path/Frameworks",
				);
				PRODUCT_BUNDLE_IDENTIFIER = "com.example.wire-ios-analysisTests";
				PRODUCT_NAME = "$(TARGET_NAME)";
				SWIFT_VERSION = 5.0;
				TARGETED_DEVICE_FAMILY = "1,2";
				TEST_HOST = "$(BUILT_PRODUCTS_DIR)/wire-ios-analysis.app/wire-ios-analysis";
			};
			name = Release;
		};
/* End XCBuildConfiguration section */

/* Begin XCConfigurationList section */
		58FB6285245E369100BA91C2 /* Build configuration list for PBXProject "wire-ios-analysis" */ = {
			isa = XCConfigurationList;
			buildConfigurations = (
				58FB62A7245E369400BA91C2 /* Debug */,
				58FB62A8245E369400BA91C2 /* Release */,
			);
			defaultConfigurationIsVisible = 0;
			defaultConfigurationName = Release;
		};
		58FB62A9245E369400BA91C2 /* Build configuration list for PBXNativeTarget "wire-ios-analysis" */ = {
			isa = XCConfigurationList;
			buildConfigurations = (
				58FB62AA245E369400BA91C2 /* Debug */,
				58FB62AB245E369400BA91C2 /* Release */,
			);
			defaultConfigurationIsVisible = 0;
			defaultConfigurationName = Release;
		};
		58FB62AC245E369400BA91C2 /* Build configuration list for PBXNativeTarget "wire-ios-analysisTests" */ = {
			isa = XCConfigurationList;
			buildConfigurations = (
				58FB62AD245E369400BA91C2 /* Debug */,
				58FB62AE245E369400BA91C2 /* Release */,
			);
			defaultConfigurationIsVisible = 0;
			defaultConfigurationName = Release;
		};
/* End XCConfigurationList section */
	};
	rootObject = 58FB6282245E369100BA91C2 /* Project object */;
}
